
Microsoft Visual Studio Solution File, Format Version 12.00
# Visual Studio 15
VisualStudioVersion = 15.0.28307.1022
MinimumVisualStudioVersion = 10.0.40219.1
Project("{FAE04EC0-301F-11D3-BF4B-00C04F79EFBC}") = "web", "web\web.csproj", "{CE971111-673B-4479-B90B-7119D736C0C3}"
EndProject
Project("{FAE04EC0-301F-11D3-BF4B-00C04F79EFBC}") = "Alliant.Domain", "Alliant.Domain\Alliant.Domain.csproj", "{213A96AC-2CEE-4276-914E-A6925715B2F1}"
EndProject
Project("{FAE04EC0-301F-11D3-BF4B-00C04F79EFBC}") = "Alliant.Manager", "Alliant.Manager\Alliant.Manager.csproj", "{CAE64907-103A-4C8A-806A-BCCA45BF0891}"
EndProject
Project("{FAE04EC0-301F-11D3-BF4B-00C04F79EFBC}") = "Alliant.Helper", "Alliant.Helper\Alliant.Helper.csproj", "{833E2F51-14B9-4F92-AB48-78FB7A5EFA57}"
EndProject
Project("{FAE04EC0-301F-11D3-BF4B-00C04F79EFBC}") = "Alliant.Core", "Alliant.Core\Alliant.Core.csproj", "{2F479F88-5BF4-47B6-9FC7-5B2AF14DA12B}"
EndProject
Project("{FAE04EC0-301F-11D3-BF4B-00C04F79EFBC}") = "Alliant.DalLayer", "Alliant.DalLayer\Alliant.DalLayer.csproj", "{C413CBF3-582F-418B-BD1F-3D89B7B09F1C}"
EndProject
Project("{00D1A9C2-B5F0-4AF3-8072-F6C62B433612}") = "Database", "Database\Database.sqlproj", "{E1F4B91F-2BA6-4114-A017-0B40C6C89501}"
EndProject
Project("{FAE04EC0-301F-11D3-BF4B-00C04F79EFBC}") = "Alliant.ViewModel", "Alliant.ViewModel\Alliant.ViewModel.csproj", "{8446DCE3-59D4-4C6D-AC9A-03F43C976D97}"
EndProject
Project("{FAE04EC0-301F-11D3-BF4B-00C04F79EFBC}") = "Alliant.Service", "Alliant.Service\Alliant.Service.csproj", "{CE2AE8E4-5B48-47B4-9980-24B40E69F080}"
EndProject
Project("{2150E333-8FDC-42A3-9474-1A3956D46DE8}") = "3 Alliant.Manager", "3 Alliant.Manager", "{9505165A-6AD3-4903-A01B-BD90633DCA98}"
EndProject
Project("{FAE04EC0-301F-11D3-BF4B-00C04F79EFBC}") = "Alliant.Manager.UserManagement", "Alliant.Manager.UserManagement\Alliant.Manager.UserManagement.csproj", "{BB5BBC6F-E069-4E58-86D3-648D3021E624}"
EndProject
Project("{2150E333-8FDC-42A3-9474-1A3956D46DE8}") = "4 Alliant.DalLayer", "4 Alliant.DalLayer", "{8D0491F9-F6C9-411F-85DF-0845C4BA28A3}"
EndProject
Project("{FAE04EC0-301F-11D3-BF4B-00C04F79EFBC}") = "Alliant.DalLayer.UserManagement", "Alliant.DalLayer.UserManagement\Alliant.DalLayer.UserManagement.csproj", "{4DEA99AA-F821-4682-857D-4975FF22671E}"
EndProject
Project("{2150E333-8FDC-42A3-9474-1A3956D46DE8}") = "1 Alliant.Domain", "1 Alliant.Domain", "{156B7AAC-B763-46C5-A187-6C35162B061C}"
EndProject
Project("{2150E333-8FDC-42A3-9474-1A3956D46DE8}") = "5 Alliant.StoreProcedure", "5 Alliant.StoreProcedure", "{E56C7206-EFFF-42ED-915F-028CCFA314C5}"
EndProject
Project("{FAE04EC0-301F-11D3-BF4B-00C04F79EFBC}") = "Alliant.StoreProcedure", "Alliant.StoreProcedure\Alliant.StoreProcedure.csproj", "{901E9DFF-BCBF-4E93-9363-9E7085D7288F}"
EndProject
Project("{FAE04EC0-301F-11D3-BF4B-00C04F79EFBC}") = "Alliant.Manager.Administrator", "Alliant.Manager.Administrator\Alliant.Manager.Administrator.csproj", "{EA082D92-D0BE-44BB-9F60-856C9BECDE7F}"
EndProject
Project("{FAE04EC0-301F-11D3-BF4B-00C04F79EFBC}") = "Alliant.DalLayer.Administrator", "Alliant.DalLayer.Administrator\Alliant.DalLayer.Administrator.csproj", "{B8FF28F6-8643-4AF8-9B77-7A8BA39E420A}"
EndProject
Project("{FAE04EC0-301F-11D3-BF4B-00C04F79EFBC}") = "Alliant.Utility", "Alliant.Utility\Alliant.Utility.csproj", "{CF78BF52-4397-452C-8106-507245114A33}"
EndProject
Project("{FAE04EC0-301F-11D3-BF4B-00C04F79EFBC}") = "Alliant.DalLayer.Web", "Alliant.DalLayer.Web\Alliant.DalLayer.Web.csproj", "{7880A86B-368D-4D37-84D7-5E5C219C9247}"
EndProject
Project("{FAE04EC0-301F-11D3-BF4B-00C04F79EFBC}") = "Alliant.Manager.Web", "Alliant.Manager.Web\Alliant.Manager.Web.csproj", "{0828BBD8-F067-4B1E-AAA8-E7B3D0EA4D61}"
EndProject
Global
	GlobalSection(SolutionConfigurationPlatforms) = preSolution
		Debug|Any CPU = Debug|Any CPU
		Release|Any CPU = Release|Any CPU
	EndGlobalSection
	GlobalSection(ProjectConfigurationPlatforms) = postSolution
		{CE971111-673B-4479-B90B-7119D736C0C3}.Debug|Any CPU.ActiveCfg = Debug|Any CPU
		{CE971111-673B-4479-B90B-7119D736C0C3}.Debug|Any CPU.Build.0 = Debug|Any CPU
		{CE971111-673B-4479-B90B-7119D736C0C3}.Release|Any CPU.ActiveCfg = Release|Any CPU
		{CE971111-673B-4479-B90B-7119D736C0C3}.Release|Any CPU.Build.0 = Release|Any CPU
		{213A96AC-2CEE-4276-914E-A6925715B2F1}.Debug|Any CPU.ActiveCfg = Debug|Any CPU
		{213A96AC-2CEE-4276-914E-A6925715B2F1}.Debug|Any CPU.Build.0 = Debug|Any CPU
		{213A96AC-2CEE-4276-914E-A6925715B2F1}.Release|Any CPU.ActiveCfg = Release|Any CPU
		{213A96AC-2CEE-4276-914E-A6925715B2F1}.Release|Any CPU.Build.0 = Release|Any CPU
		{CAE64907-103A-4C8A-806A-BCCA45BF0891}.Debug|Any CPU.ActiveCfg = Debug|Any CPU
		{CAE64907-103A-4C8A-806A-BCCA45BF0891}.Debug|Any CPU.Build.0 = Debug|Any CPU
		{CAE64907-103A-4C8A-806A-BCCA45BF0891}.Release|Any CPU.ActiveCfg = Release|Any CPU
		{CAE64907-103A-4C8A-806A-BCCA45BF0891}.Release|Any CPU.Build.0 = Release|Any CPU
		{833E2F51-14B9-4F92-AB48-78FB7A5EFA57}.Debug|Any CPU.ActiveCfg = Debug|Any CPU
		{833E2F51-14B9-4F92-AB48-78FB7A5EFA57}.Debug|Any CPU.Build.0 = Debug|Any CPU
		{833E2F51-14B9-4F92-AB48-78FB7A5EFA57}.Release|Any CPU.ActiveCfg = Release|Any CPU
		{833E2F51-14B9-4F92-AB48-78FB7A5EFA57}.Release|Any CPU.Build.0 = Release|Any CPU
		{2F479F88-5BF4-47B6-9FC7-5B2AF14DA12B}.Debug|Any CPU.ActiveCfg = Debug|Any CPU
		{2F479F88-5BF4-47B6-9FC7-5B2AF14DA12B}.Debug|Any CPU.Build.0 = Debug|Any CPU
		{2F479F88-5BF4-47B6-9FC7-5B2AF14DA12B}.Release|Any CPU.ActiveCfg = Release|Any CPU
		{2F479F88-5BF4-47B6-9FC7-5B2AF14DA12B}.Release|Any CPU.Build.0 = Release|Any CPU
		{C413CBF3-582F-418B-BD1F-3D89B7B09F1C}.Debug|Any CPU.ActiveCfg = Debug|Any CPU
		{C413CBF3-582F-418B-BD1F-3D89B7B09F1C}.Debug|Any CPU.Build.0 = Debug|Any CPU
		{C413CBF3-582F-418B-BD1F-3D89B7B09F1C}.Release|Any CPU.ActiveCfg = Release|Any CPU
		{C413CBF3-582F-418B-BD1F-3D89B7B09F1C}.Release|Any CPU.Build.0 = Release|Any CPU
		{E1F4B91F-2BA6-4114-A017-0B40C6C89501}.Debug|Any CPU.ActiveCfg = Debug|Any CPU
		{E1F4B91F-2BA6-4114-A017-0B40C6C89501}.Debug|Any CPU.Deploy.0 = Debug|Any CPU
		{E1F4B91F-2BA6-4114-A017-0B40C6C89501}.Release|Any CPU.ActiveCfg = Release|Any CPU
		{E1F4B91F-2BA6-4114-A017-0B40C6C89501}.Release|Any CPU.Build.0 = Release|Any CPU
		{E1F4B91F-2BA6-4114-A017-0B40C6C89501}.Release|Any CPU.Deploy.0 = Release|Any CPU
		{8446DCE3-59D4-4C6D-AC9A-03F43C976D97}.Debug|Any CPU.ActiveCfg = Debug|Any CPU
		{8446DCE3-59D4-4C6D-AC9A-03F43C976D97}.Debug|Any CPU.Build.0 = Debug|Any CPU
		{8446DCE3-59D4-4C6D-AC9A-03F43C976D97}.Release|Any CPU.ActiveCfg = Release|Any CPU
		{8446DCE3-59D4-4C6D-AC9A-03F43C976D97}.Release|Any CPU.Build.0 = Release|Any CPU
		{CE2AE8E4-5B48-47B4-9980-24B40E69F080}.Debug|Any CPU.ActiveCfg = Debug|Any CPU
		{CE2AE8E4-5B48-47B4-9980-24B40E69F080}.Debug|Any CPU.Build.0 = Debug|Any CPU
		{CE2AE8E4-5B48-47B4-9980-24B40E69F080}.Release|Any CPU.ActiveCfg = Release|Any CPU
		{CE2AE8E4-5B48-47B4-9980-24B40E69F080}.Release|Any CPU.Build.0 = Release|Any CPU
		{BB5BBC6F-E069-4E58-86D3-648D3021E624}.Debug|Any CPU.ActiveCfg = Debug|Any CPU
		{BB5BBC6F-E069-4E58-86D3-648D3021E624}.Debug|Any CPU.Build.0 = Debug|Any CPU
		{BB5BBC6F-E069-4E58-86D3-648D3021E624}.Release|Any CPU.ActiveCfg = Release|Any CPU
		{BB5BBC6F-E069-4E58-86D3-648D3021E624}.Release|Any CPU.Build.0 = Release|Any CPU
		{4DEA99AA-F821-4682-857D-4975FF22671E}.Debug|Any CPU.ActiveCfg = Debug|Any CPU
		{4DEA99AA-F821-4682-857D-4975FF22671E}.Debug|Any CPU.Build.0 = Debug|Any CPU
		{4DEA99AA-F821-4682-857D-4975FF22671E}.Release|Any CPU.ActiveCfg = Release|Any CPU
		{4DEA99AA-F821-4682-857D-4975FF22671E}.Release|Any CPU.Build.0 = Release|Any CPU
		{901E9DFF-BCBF-4E93-9363-9E7085D7288F}.Debug|Any CPU.ActiveCfg = Debug|Any CPU
		{901E9DFF-BCBF-4E93-9363-9E7085D7288F}.Debug|Any CPU.Build.0 = Debug|Any CPU
		{901E9DFF-BCBF-4E93-9363-9E7085D7288F}.Release|Any CPU.ActiveCfg = Release|Any CPU
		{901E9DFF-BCBF-4E93-9363-9E7085D7288F}.Release|Any CPU.Build.0 = Release|Any CPU
		{EA082D92-D0BE-44BB-9F60-856C9BECDE7F}.Debug|Any CPU.ActiveCfg = Debug|Any CPU
		{EA082D92-D0BE-44BB-9F60-856C9BECDE7F}.Debug|Any CPU.Build.0 = Debug|Any CPU
		{EA082D92-D0BE-44BB-9F60-856C9BECDE7F}.Release|Any CPU.ActiveCfg = Release|Any CPU
		{EA082D92-D0BE-44BB-9F60-856C9BECDE7F}.Release|Any CPU.Build.0 = Release|Any CPU
		{B8FF28F6-8643-4AF8-9B77-7A8BA39E420A}.Debug|Any CPU.ActiveCfg = Debug|Any CPU
		{B8FF28F6-8643-4AF8-9B77-7A8BA39E420A}.Debug|Any CPU.Build.0 = Debug|Any CPU
		{B8FF28F6-8643-4AF8-9B77-7A8BA39E420A}.Release|Any CPU.ActiveCfg = Release|Any CPU
		{B8FF28F6-8643-4AF8-9B77-7A8BA39E420A}.Release|Any CPU.Build.0 = Release|Any CPU
		{CF78BF52-4397-452C-8106-507245114A33}.Debug|Any CPU.ActiveCfg = Debug|Any CPU
		{CF78BF52-4397-452C-8106-507245114A33}.Debug|Any CPU.Build.0 = Debug|Any CPU
		{CF78BF52-4397-452C-8106-507245114A33}.Release|Any CPU.ActiveCfg = Release|Any CPU
		{CF78BF52-4397-452C-8106-507245114A33}.Release|Any CPU.Build.0 = Release|Any CPU
		{7880A86B-368D-4D37-84D7-5E5C219C9247}.Debug|Any CPU.ActiveCfg = Debug|Any CPU
		{7880A86B-368D-4D37-84D7-5E5C219C9247}.Debug|Any CPU.Build.0 = Debug|Any CPU
		{7880A86B-368D-4D37-84D7-5E5C219C9247}.Release|Any CPU.ActiveCfg = Release|Any CPU
		{7880A86B-368D-4D37-84D7-5E5C219C9247}.Release|Any CPU.Build.0 = Release|Any CPU
		{0828BBD8-F067-4B1E-AAA8-E7B3D0EA4D61}.Debug|Any CPU.ActiveCfg = Debug|Any CPU
		{0828BBD8-F067-4B1E-AAA8-E7B3D0EA4D61}.Debug|Any CPU.Build.0 = Debug|Any CPU
		{0828BBD8-F067-4B1E-AAA8-E7B3D0EA4D61}.Release|Any CPU.ActiveCfg = Release|Any CPU
		{0828BBD8-F067-4B1E-AAA8-E7B3D0EA4D61}.Release|Any CPU.Build.0 = Release|Any CPU
	EndGlobalSection
	GlobalSection(SolutionProperties) = preSolution
		HideSolutionNode = FALSE
	EndGlobalSection
	GlobalSection(NestedProjects) = preSolution
		{213A96AC-2CEE-4276-914E-A6925715B2F1} = {156B7AAC-B763-46C5-A187-6C35162B061C}
		{CAE64907-103A-4C8A-806A-BCCA45BF0891} = {9505165A-6AD3-4903-A01B-BD90633DCA98}
		{833E2F51-14B9-4F92-AB48-78FB7A5EFA57} = {156B7AAC-B763-46C5-A187-6C35162B061C}
		{2F479F88-5BF4-47B6-9FC7-5B2AF14DA12B} = {156B7AAC-B763-46C5-A187-6C35162B061C}
		{C413CBF3-582F-418B-BD1F-3D89B7B09F1C} = {8D0491F9-F6C9-411F-85DF-0845C4BA28A3}
		{8446DCE3-59D4-4C6D-AC9A-03F43C976D97} = {156B7AAC-B763-46C5-A187-6C35162B061C}
		{CE2AE8E4-5B48-47B4-9980-24B40E69F080} = {156B7AAC-B763-46C5-A187-6C35162B061C}
		{BB5BBC6F-E069-4E58-86D3-648D3021E624} = {9505165A-6AD3-4903-A01B-BD90633DCA98}
		{4DEA99AA-F821-4682-857D-4975FF22671E} = {8D0491F9-F6C9-411F-85DF-0845C4BA28A3}
		{901E9DFF-BCBF-4E93-9363-9E7085D7288F} = {E56C7206-EFFF-42ED-915F-028CCFA314C5}
		{EA082D92-D0BE-44BB-9F60-856C9BECDE7F} = {9505165A-6AD3-4903-A01B-BD90633DCA98}
		{B8FF28F6-8643-4AF8-9B77-7A8BA39E420A} = {8D0491F9-F6C9-411F-85DF-0845C4BA28A3}
		{CF78BF52-4397-452C-8106-507245114A33} = {156B7AAC-B763-46C5-A187-6C35162B061C}
		{7880A86B-368D-4D37-84D7-5E5C219C9247} = {8D0491F9-F6C9-411F-85DF-0845C4BA28A3}
		{0828BBD8-F067-4B1E-AAA8-E7B3D0EA4D61} = {9505165A-6AD3-4903-A01B-BD90633DCA98}
	EndGlobalSection
	GlobalSection(ExtensibilityGlobals) = postSolution
		SolutionGuid = {C9446C91-E7FF-41B8-8D04-3095F620C6DB}
	EndGlobalSection
EndGlobal
